
Microsoft Visual Studio Solution File, Format Version 12.00
# Visual Studio 2012
Project("{FAE04EC0-301F-11D3-BF4B-00C04F79EFBC}") = "LokiEats", "LokiEats\LokiEats.csproj", "{5FE616A3-0E52-4860-B1A5-A8C33A9DCBC0}"
EndProject
Global
	GlobalSection(SolutionConfigurationPlatforms) = preSolution
		Debug|Any CPU = Debug|Any CPU
		Release|Any CPU = Release|Any CPU
	EndGlobalSection
	GlobalSection(ProjectConfigurationPlatforms) = postSolution
		{5FE616A3-0E52-4860-B1A5-A8C33A9DCBC0}.Debug|Any CPU.ActiveCfg = Debug|Any CPU
		{5FE616A3-0E52-4860-B1A5-A8C33A9DCBC0}.Debug|Any CPU.Build.0 = Debug|Any CPU
		{5FE616A3-0E52-4860-B1A5-A8C33A9DCBC0}.Release|Any CPU.ActiveCfg = Release|Any CPU
		{5FE616A3-0E52-4860-B1A5-A8C33A9DCBC0}.Release|Any CPU.Build.0 = Release|Any CPU
	EndGlobalSection
	GlobalSection(SolutionProperties) = preSolution
		HideSolutionNode = FALSE
	EndGlobalSection
EndGlobal
